
Microsoft Visual Studio Solution File, Format Version 12.00
# Visual Studio Version 16
VisualStudioVersion = 16.0.31702.278
MinimumVisualStudioVersion = 10.0.40219.1
Project("{FAE04EC0-301F-11D3-BF4B-00C04F79EFBC}") = "Hangfir_Scheduler", "Hangfir_Scheduler\Hangfir_Scheduler.csproj", "{E6836FD2-3252-4CA8-B803-29D01D9D7689}"
EndProject
Global
	GlobalSection(SolutionConfigurationPlatforms) = preSolution
		Debug|Any CPU = Debug|Any CPU
		Release|Any CPU = Release|Any CPU
	EndGlobalSection
	GlobalSection(ProjectConfigurationPlatforms) = postSolution
		{E6836FD2-3252-4CA8-B803-29D01D9D7689}.Debug|Any CPU.ActiveCfg = Debug|Any CPU
		{E6836FD2-3252-4CA8-B803-29D01D9D7689}.Debug|Any CPU.Build.0 = Debug|Any CPU
		{E6836FD2-3252-4CA8-B803-29D01D9D7689}.Release|Any CPU.ActiveCfg = Release|Any CPU
		{E6836FD2-3252-4CA8-B803-29D01D9D7689}.Release|Any CPU.Build.0 = Release|Any CPU
	EndGlobalSection
	GlobalSection(SolutionProperties) = preSolution
		HideSolutionNode = FALSE
	EndGlobalSection
	GlobalSection(ExtensibilityGlobals) = postSolution
		SolutionGuid = {5EF16EC6-C243-4A31-8563-A0ACC63918DA}
	EndGlobalSection
EndGlobal
